
Microsoft Visual Studio Solution File, Format Version 12.00
# Visual Studio Version 17
VisualStudioVersion = 17.7.34018.315
MinimumVisualStudioVersion = 10.0.40219.1
Project("{FAE04EC0-301F-11D3-BF4B-00C04F79EFBC}") = "MVCLogin", "MVCLogin.csproj", "{BC0E2747-C1BB-402C-9242-01574448375D}"
EndProject
Global
	GlobalSection(SolutionConfigurationPlatforms) = preSolution
		Debug|Any CPU = Debug|Any CPU
		Release|Any CPU = Release|Any CPU
	EndGlobalSection
	GlobalSection(ProjectConfigurationPlatforms) = postSolution
		{BC0E2747-C1BB-402C-9242-01574448375D}.Debug|Any CPU.ActiveCfg = Debug|Any CPU
		{BC0E2747-C1BB-402C-9242-01574448375D}.Debug|Any CPU.Build.0 = Debug|Any CPU
		{BC0E2747-C1BB-402C-9242-01574448375D}.Release|Any CPU.ActiveCfg = Release|Any CPU
		{BC0E2747-C1BB-402C-9242-01574448375D}.Release|Any CPU.Build.0 = Release|Any CPU
	EndGlobalSection
	GlobalSection(SolutionProperties) = preSolution
		HideSolutionNode = FALSE
	EndGlobalSection
	GlobalSection(ExtensibilityGlobals) = postSolution
		SolutionGuid = {FE3A7E8B-BD55-4AFA-82D9-A8AA70F69202}
	EndGlobalSection
EndGlobal
