
Microsoft Visual Studio Solution File, Format Version 12.00
# Visual Studio Version 17
VisualStudioVersion = 17.7.34018.315
MinimumVisualStudioVersion = 10.0.40219.1
Project("{9A19103F-16F7-4668-BE54-9A1E7A4F7556}") = "BlazorServerApp", "BlazorServerApp.csproj", "{C0C56792-D00B-45E1-A4DD-02CBC676D3DE}"
EndProject
Global
	GlobalSection(SolutionConfigurationPlatforms) = preSolution
		Debug|Any CPU = Debug|Any CPU
		Release|Any CPU = Release|Any CPU
	EndGlobalSection
	GlobalSection(ProjectConfigurationPlatforms) = postSolution
		{C0C56792-D00B-45E1-A4DD-02CBC676D3DE}.Debug|Any CPU.ActiveCfg = Debug|Any CPU
		{C0C56792-D00B-45E1-A4DD-02CBC676D3DE}.Debug|Any CPU.Build.0 = Debug|Any CPU
		{C0C56792-D00B-45E1-A4DD-02CBC676D3DE}.Release|Any CPU.ActiveCfg = Release|Any CPU
		{C0C56792-D00B-45E1-A4DD-02CBC676D3DE}.Release|Any CPU.Build.0 = Release|Any CPU
	EndGlobalSection
	GlobalSection(SolutionProperties) = preSolution
		HideSolutionNode = FALSE
	EndGlobalSection
	GlobalSection(ExtensibilityGlobals) = postSolution
		SolutionGuid = {CF2B0CE2-5963-45A1-9591-6A44FDBCC9E6}
	EndGlobalSection
EndGlobal
